
Microsoft Visual Studio Solution File, Format Version 12.00
# Visual Studio Version 17
VisualStudioVersion = 17.0.31903.59
MinimumVisualStudioVersion = 10.0.40219.1
Project("{FAE04EC0-301F-11D3-BF4B-00C04F79EFBC}") = "BGClima.Domain", "BGClima.Domain\BGClima.Domain.csproj", "{24280C8F-E467-4925-B7C4-DFA971DAAA8E}"
EndProject
Project("{FAE04EC0-301F-11D3-BF4B-00C04F79EFBC}") = "BGClima.Application", "BGClima.Application\BGClima.Application.csproj", "{F347CFDC-5569-40C4-86DA-2B039058DDF9}"
EndProject
Project("{FAE04EC0-301F-11D3-BF4B-00C04F79EFBC}") = "BGClima.Infrastructure", "BGClima.Infrastructure\BGClima.Infrastructure.csproj", "{58C5794B-8C93-4FF1-9F50-873FD223D2C2}"
EndProject
Project("{FAE04EC0-301F-11D3-BF4B-00C04F79EFBC}") = "BGClima.API", "BGClima.API\BGClima.API.csproj", "{C7A738D6-317A-4C2F-925A-01962D51F123}"
EndProject
Global
	GlobalSection(SolutionConfigurationPlatforms) = preSolution
		Debug|Any CPU = Debug|Any CPU
		Debug|x64 = Debug|x64
		Debug|x86 = Debug|x86
		Release|Any CPU = Release|Any CPU
		Release|x64 = Release|x64
		Release|x86 = Release|x86
	EndGlobalSection
	GlobalSection(ProjectConfigurationPlatforms) = postSolution
		{24280C8F-E467-4925-B7C4-DFA971DAAA8E}.Debug|Any CPU.ActiveCfg = Debug|Any CPU
		{24280C8F-E467-4925-B7C4-DFA971DAAA8E}.Debug|Any CPU.Build.0 = Debug|Any CPU
		{24280C8F-E467-4925-B7C4-DFA971DAAA8E}.Debug|x64.ActiveCfg = Debug|Any CPU
		{24280C8F-E467-4925-B7C4-DFA971DAAA8E}.Debug|x64.Build.0 = Debug|Any CPU
		{24280C8F-E467-4925-B7C4-DFA971DAAA8E}.Debug|x86.ActiveCfg = Debug|Any CPU
		{24280C8F-E467-4925-B7C4-DFA971DAAA8E}.Debug|x86.Build.0 = Debug|Any CPU
		{24280C8F-E467-4925-B7C4-DFA971DAAA8E}.Release|Any CPU.ActiveCfg = Release|Any CPU
		{24280C8F-E467-4925-B7C4-DFA971DAAA8E}.Release|Any CPU.Build.0 = Release|Any CPU
		{24280C8F-E467-4925-B7C4-DFA971DAAA8E}.Release|x64.ActiveCfg = Release|Any CPU
		{24280C8F-E467-4925-B7C4-DFA971DAAA8E}.Release|x64.Build.0 = Release|Any CPU
		{24280C8F-E467-4925-B7C4-DFA971DAAA8E}.Release|x86.ActiveCfg = Release|Any CPU
		{24280C8F-E467-4925-B7C4-DFA971DAAA8E}.Release|x86.Build.0 = Release|Any CPU
		{F347CFDC-5569-40C4-86DA-2B039058DDF9}.Debug|Any CPU.ActiveCfg = Debug|Any CPU
		{F347CFDC-5569-40C4-86DA-2B039058DDF9}.Debug|Any CPU.Build.0 = Debug|Any CPU
		{F347CFDC-5569-40C4-86DA-2B039058DDF9}.Debug|x64.ActiveCfg = Debug|Any CPU
		{F347CFDC-5569-40C4-86DA-2B039058DDF9}.Debug|x64.Build.0 = Debug|Any CPU
		{F347CFDC-5569-40C4-86DA-2B039058DDF9}.Debug|x86.ActiveCfg = Debug|Any CPU
		{F347CFDC-5569-40C4-86DA-2B039058DDF9}.Debug|x86.Build.0 = Debug|Any CPU
		{F347CFDC-5569-40C4-86DA-2B039058DDF9}.Release|Any CPU.ActiveCfg = Release|Any CPU
		{F347CFDC-5569-40C4-86DA-2B039058DDF9}.Release|Any CPU.Build.0 = Release|Any CPU
		{F347CFDC-5569-40C4-86DA-2B039058DDF9}.Release|x64.ActiveCfg = Release|Any CPU
		{F347CFDC-5569-40C4-86DA-2B039058DDF9}.Release|x64.Build.0 = Release|Any CPU
		{F347CFDC-5569-40C4-86DA-2B039058DDF9}.Release|x86.ActiveCfg = Release|Any CPU
		{F347CFDC-5569-40C4-86DA-2B039058DDF9}.Release|x86.Build.0 = Release|Any CPU
		{58C5794B-8C93-4FF1-9F50-873FD223D2C2}.Debug|Any CPU.ActiveCfg = Debug|Any CPU
		{58C5794B-8C93-4FF1-9F50-873FD223D2C2}.Debug|Any CPU.Build.0 = Debug|Any CPU
		{58C5794B-8C93-4FF1-9F50-873FD223D2C2}.Debug|x64.ActiveCfg = Debug|Any CPU
		{58C5794B-8C93-4FF1-9F50-873FD223D2C2}.Debug|x64.Build.0 = Debug|Any CPU
		{58C5794B-8C93-4FF1-9F50-873FD223D2C2}.Debug|x86.ActiveCfg = Debug|Any CPU
		{58C5794B-8C93-4FF1-9F50-873FD223D2C2}.Debug|x86.Build.0 = Debug|Any CPU
		{58C5794B-8C93-4FF1-9F50-873FD223D2C2}.Release|Any CPU.ActiveCfg = Release|Any CPU
		{58C5794B-8C93-4FF1-9F50-873FD223D2C2}.Release|Any CPU.Build.0 = Release|Any CPU
		{58C5794B-8C93-4FF1-9F50-873FD223D2C2}.Release|x64.ActiveCfg = Release|Any CPU
		{58C5794B-8C93-4FF1-9F50-873FD223D2C2}.Release|x64.Build.0 = Release|Any CPU
		{58C5794B-8C93-4FF1-9F50-873FD223D2C2}.Release|x86.ActiveCfg = Release|Any CPU
		{58C5794B-8C93-4FF1-9F50-873FD223D2C2}.Release|x86.Build.0 = Release|Any CPU
		{C7A738D6-317A-4C2F-925A-01962D51F123}.Debug|Any CPU.ActiveCfg = Debug|Any CPU
		{C7A738D6-317A-4C2F-925A-01962D51F123}.Debug|Any CPU.Build.0 = Debug|Any CPU
		{C7A738D6-317A-4C2F-925A-01962D51F123}.Debug|x64.ActiveCfg = Debug|Any CPU
		{C7A738D6-317A-4C2F-925A-01962D51F123}.Debug|x64.Build.0 = Debug|Any CPU
		{C7A738D6-317A-4C2F-925A-01962D51F123}.Debug|x86.ActiveCfg = Debug|Any CPU
		{C7A738D6-317A-4C2F-925A-01962D51F123}.Debug|x86.Build.0 = Debug|Any CPU
		{C7A738D6-317A-4C2F-925A-01962D51F123}.Release|Any CPU.ActiveCfg = Release|Any CPU
		{C7A738D6-317A-4C2F-925A-01962D51F123}.Release|Any CPU.Build.0 = Release|Any CPU
		{C7A738D6-317A-4C2F-925A-01962D51F123}.Release|x64.ActiveCfg = Release|Any CPU
		{C7A738D6-317A-4C2F-925A-01962D51F123}.Release|x64.Build.0 = Release|Any CPU
		{C7A738D6-317A-4C2F-925A-01962D51F123}.Release|x86.ActiveCfg = Release|Any CPU
		{C7A738D6-317A-4C2F-925A-01962D51F123}.Release|x86.Build.0 = Release|Any CPU
	EndGlobalSection
	GlobalSection(SolutionProperties) = preSolution
		HideSolutionNode = FALSE
	EndGlobalSection
EndGlobal
